
Microsoft Visual Studio Solution File, Format Version 12.00
# Visual Studio Version 16
VisualStudioVersion = 16.0.29209.62
MinimumVisualStudioVersion = 10.0.40219.1
Project("{9A19103F-16F7-4668-BE54-9A1E7A4F7556}") = "Cargos.API", "Cargos\Cargos.API.csproj", "{7AA1C795-3030-492C-AA5E-C000160B1D17}"
EndProject
Project("{9A19103F-16F7-4668-BE54-9A1E7A4F7556}") = "Cargos.Domain", "Cargo.Domain\Cargos.Domain.csproj", "{9A80B2D0-7654-4BB3-816A-5A804FB21D6B}"
EndProject
Project("{9A19103F-16F7-4668-BE54-9A1E7A4F7556}") = "Cargos.Infrastructure", "Cargo.Infraesctructure\Cargos.Infrastructure.csproj", "{A9D94449-6839-4F9C-8734-380344E93BA5}"
EndProject
Project("{2150E333-8FDC-42A3-9474-1A3956D46DE8}") = "Test", "Test", "{E2511887-D7DC-4927-81C4-1980D8B1CDAB}"
EndProject
Project("{9A19103F-16F7-4668-BE54-9A1E7A4F7556}") = "Cargos.RepositoryTest", "Cargo.UnitTest\Cargos.RepositoryTest.csproj", "{E087BD4F-3A20-49E2-8854-742F501E21F4}"
EndProject
Global
	GlobalSection(SolutionConfigurationPlatforms) = preSolution
		Debug|Any CPU = Debug|Any CPU
		Release|Any CPU = Release|Any CPU
	EndGlobalSection
	GlobalSection(ProjectConfigurationPlatforms) = postSolution
		{7AA1C795-3030-492C-AA5E-C000160B1D17}.Debug|Any CPU.ActiveCfg = Debug|Any CPU
		{7AA1C795-3030-492C-AA5E-C000160B1D17}.Debug|Any CPU.Build.0 = Debug|Any CPU
		{7AA1C795-3030-492C-AA5E-C000160B1D17}.Release|Any CPU.ActiveCfg = Release|Any CPU
		{7AA1C795-3030-492C-AA5E-C000160B1D17}.Release|Any CPU.Build.0 = Release|Any CPU
		{9A80B2D0-7654-4BB3-816A-5A804FB21D6B}.Debug|Any CPU.ActiveCfg = Debug|Any CPU
		{9A80B2D0-7654-4BB3-816A-5A804FB21D6B}.Debug|Any CPU.Build.0 = Debug|Any CPU
		{9A80B2D0-7654-4BB3-816A-5A804FB21D6B}.Release|Any CPU.ActiveCfg = Release|Any CPU
		{9A80B2D0-7654-4BB3-816A-5A804FB21D6B}.Release|Any CPU.Build.0 = Release|Any CPU
		{A9D94449-6839-4F9C-8734-380344E93BA5}.Debug|Any CPU.ActiveCfg = Debug|Any CPU
		{A9D94449-6839-4F9C-8734-380344E93BA5}.Debug|Any CPU.Build.0 = Debug|Any CPU
		{A9D94449-6839-4F9C-8734-380344E93BA5}.Release|Any CPU.ActiveCfg = Release|Any CPU
		{A9D94449-6839-4F9C-8734-380344E93BA5}.Release|Any CPU.Build.0 = Release|Any CPU
		{E087BD4F-3A20-49E2-8854-742F501E21F4}.Debug|Any CPU.ActiveCfg = Debug|Any CPU
		{E087BD4F-3A20-49E2-8854-742F501E21F4}.Debug|Any CPU.Build.0 = Debug|Any CPU
		{E087BD4F-3A20-49E2-8854-742F501E21F4}.Release|Any CPU.ActiveCfg = Release|Any CPU
		{E087BD4F-3A20-49E2-8854-742F501E21F4}.Release|Any CPU.Build.0 = Release|Any CPU
	EndGlobalSection
	GlobalSection(SolutionProperties) = preSolution
		HideSolutionNode = FALSE
	EndGlobalSection
	GlobalSection(NestedProjects) = preSolution
		{E087BD4F-3A20-49E2-8854-742F501E21F4} = {E2511887-D7DC-4927-81C4-1980D8B1CDAB}
	EndGlobalSection
	GlobalSection(ExtensibilityGlobals) = postSolution
		SolutionGuid = {00803B05-1363-442D-9A78-1CA7D2B814A7}
	EndGlobalSection
EndGlobal
